
Microsoft Visual Studio Solution File, Format Version 12.00
# Visual Studio Version 16
VisualStudioVersion = 16.0.29806.167
MinimumVisualStudioVersion = 10.0.40219.1
Project("{8BC9CEB8-8B4A-11D0-8D11-00A0C91BC942}") = "MathClient", "MathClient.vcxproj", "{2EF53166-0460-47CA-909F-2E8376489EB5}"
EndProject
Global
	GlobalSection(SolutionConfigurationPlatforms) = preSolution
		Debug|x64 = Debug|x64
		Debug|x86 = Debug|x86
		Release|x64 = Release|x64
		Release|x86 = Release|x86
	EndGlobalSection
	GlobalSection(ProjectConfigurationPlatforms) = postSolution
		{2EF53166-0460-47CA-909F-2E8376489EB5}.Debug|x64.ActiveCfg = Debug|x64
		{2EF53166-0460-47CA-909F-2E8376489EB5}.Debug|x64.Build.0 = Debug|x64
		{2EF53166-0460-47CA-909F-2E8376489EB5}.Debug|x86.ActiveCfg = Debug|Win32
		{2EF53166-0460-47CA-909F-2E8376489EB5}.Debug|x86.Build.0 = Debug|Win32
		{2EF53166-0460-47CA-909F-2E8376489EB5}.Release|x64.ActiveCfg = Release|x64
		{2EF53166-0460-47CA-909F-2E8376489EB5}.Release|x64.Build.0 = Release|x64
		{2EF53166-0460-47CA-909F-2E8376489EB5}.Release|x86.ActiveCfg = Release|Win32
		{2EF53166-0460-47CA-909F-2E8376489EB5}.Release|x86.Build.0 = Release|Win32
	EndGlobalSection
	GlobalSection(SolutionProperties) = preSolution
		HideSolutionNode = FALSE
	EndGlobalSection
	GlobalSection(ExtensibilityGlobals) = postSolution
		SolutionGuid = {8BF274BA-E4CC-4FA5-8312-37A570EBD57D}
	EndGlobalSection
EndGlobal
