
Microsoft Visual Studio Solution File, Format Version 12.00
# Visual Studio Version 16
VisualStudioVersion = 16.0.29806.167
MinimumVisualStudioVersion = 10.0.40219.1
Project("{8BC9CEB8-8B4A-11D0-8D11-00A0C91BC942}") = "MathLibrary", "MathLibrary\MathLibrary.vcxproj", "{1F5B8830-AA19-4F15-8B1D-EDB3E0494105}"
EndProject
Global
	GlobalSection(SolutionConfigurationPlatforms) = preSolution
		Debug|x64 = Debug|x64
		Debug|x86 = Debug|x86
		Release|x64 = Release|x64
		Release|x86 = Release|x86
	EndGlobalSection
	GlobalSection(ProjectConfigurationPlatforms) = postSolution
		{1F5B8830-AA19-4F15-8B1D-EDB3E0494105}.Debug|x64.ActiveCfg = Debug|x64
		{1F5B8830-AA19-4F15-8B1D-EDB3E0494105}.Debug|x64.Build.0 = Debug|x64
		{1F5B8830-AA19-4F15-8B1D-EDB3E0494105}.Debug|x86.ActiveCfg = Debug|Win32
		{1F5B8830-AA19-4F15-8B1D-EDB3E0494105}.Debug|x86.Build.0 = Debug|Win32
		{1F5B8830-AA19-4F15-8B1D-EDB3E0494105}.Release|x64.ActiveCfg = Release|x64
		{1F5B8830-AA19-4F15-8B1D-EDB3E0494105}.Release|x64.Build.0 = Release|x64
		{1F5B8830-AA19-4F15-8B1D-EDB3E0494105}.Release|x86.ActiveCfg = Release|Win32
		{1F5B8830-AA19-4F15-8B1D-EDB3E0494105}.Release|x86.Build.0 = Release|Win32
	EndGlobalSection
	GlobalSection(SolutionProperties) = preSolution
		HideSolutionNode = FALSE
	EndGlobalSection
	GlobalSection(ExtensibilityGlobals) = postSolution
		SolutionGuid = {66DCB536-72DC-4FCC-821A-E6481A054B40}
	EndGlobalSection
EndGlobal
